<?xml version="1.0" encoding="utf-8"?>
<Project ToolsVersion="4.0" xmlns="http://schemas.microsoft.com/developer/msbuild/2003">
  <ItemGroup>
    <Filter Include="source">
      <UniqueIdentifier>{1eb2c72c-5e63-49ce-a7e6-342b13f00dea}</UniqueIdentifier>
      <Extensions>cpp;c;cxx;def;odl;idl;hpj;bat;asm</Extensions>
    </Filter>
    <Filter Include="include">
      <UniqueIdentifier>{560f3d36-b418-41d0-90ef-0ee94228f4dd}</UniqueIdentifier>
      <Extensions>h;hpp;hxx;hm;inl;inc</Extensions>
    </Filter>
    <Filter Include="resource">
      <UniqueIdentifier>{eca1d720-2178-4778-bd4d-a4e1b088e8ad}</UniqueIdentifier>
      <Extensions>rc;ico;cur;bmp;dlg;rc2;rct;bin;rgs;jpg;jpeg;jpe;png;manifest</Extensions>
    </Filter>
    <Filter Include="source\jsoncpp">
      <UniqueIdentifier>{1a1abf64-483b-4eb9-a401-efdfa8255be9}</UniqueIdentifier>
    </Filter>
    <Filter Include="resource\Scene">
      <UniqueIdentifier>{a3b38869-b3e0-437e-92e1-50137239d5e8}</UniqueIdentifier>
    </Filter>
    <Filter Include="resource\ccbResources">
      <UniqueIdentifier>{5b5810be-fba7-42da-89de-ee9786a5c9c9}</UniqueIdentifier>
    </Filter>
    <Filter Include="resource\Fonts">
      <UniqueIdentifier>{f16afdd7-0ba0-462a-af32-f5043700b8cc}</UniqueIdentifier>
    </Filter>
    <Filter Include="resource\Image">
      <UniqueIdentifier>{3edc8ee8-c0c6-41ee-97c7-2b3f8a312237}</UniqueIdentifier>
    </Filter>
  </ItemGroup>
  <ItemGroup>
    <None Include="res\iGame.ico">
      <Filter>resource</Filter>
    </None>
    <None Include="..\Resources\CloseSelected.png">
      <Filter>resource</Filter>
    </None>
    <None Include="..\Resources\CloseNormal.png">
      <Filter>resource</Filter>
    </None>
    <None Include="..\Resources\HelloWorld.png">
      <Filter>resource</Filter>
    </None>
    <None Include="..\library\jsoncpp\src\lib_json\json_internalarray.inl">
      <Filter>source\jsoncpp</Filter>
    </None>
    <None Include="..\library\jsoncpp\src\lib_json\json_internalmap.inl">
      <Filter>source\jsoncpp</Filter>
    </None>
    <None Include="..\library\jsoncpp\src\lib_json\json_valueiterator.inl">
      <Filter>source\jsoncpp</Filter>
    </None>
    <None Include="..\library\jsoncpp\src\lib_json\sconscript">
      <Filter>source\jsoncpp</Filter>
    </None>
    <None Include="..\Resources\account.png">
      <Filter>resource</Filter>
    </None>
    <None Include="..\Resources\btnSubmit.png">
      <Filter>resource</Filter>
    </None>
    <None Include="..\Resources\Default.png">
      <Filter>resource</Filter>
    </None>
    <None Include="..\Resources\Icon.png">
      <Filter>resource</Filter>
    </None>
    <None Include="..\Resources\Icon%402x.png">
      <Filter>resource</Filter>
    </None>
    <None Include="..\Resources\Icon-72.png">
      <Filter>resource</Filter>
    </None>
    <None Include="..\Resources\Icon-Small.png">
      <Filter>resource</Filter>
    </None>
    <None Include="..\Resources\Icon-Small%402x.png">
      <Filter>resource</Filter>
    </None>
    <None Include="..\Resources\Icon-Small-50.png">
      <Filter>resource</Filter>
    </None>
    <None Include="..\Resources\Fonts\Arial.png">
      <Filter>resource\Fonts</Filter>
    </None>
    <None Include="..\Resources\Fonts\Arial-hd.fnt">
      <Filter>resource\Fonts</Filter>
    </None>
    <None Include="..\Resources\Fonts\Arial-hd.png">
      <Filter>resource\Fonts</Filter>
    </None>
    <None Include="..\Resources\Fonts\Arial.fnt">
      <Filter>resource\Fonts</Filter>
    </None>
    <None Include="..\Resources\ccbResources\ccbDefaultImages.plist">
      <Filter>resource\ccbResources</Filter>
    </None>
    <None Include="..\Resources\ccbResources\ccbParticleStars.png">
      <Filter>resource\ccbResources</Filter>
    </None>
    <None Include="..\Resources\ccbResources\ccbDefaultImages.png">
      <Filter>resource\ccbResources</Filter>
    </None>
    <None Include="..\Resources\ccbResources\ccbParticleFire.png">
      <Filter>resource\ccbResources</Filter>
    </None>
    <None Include="..\Resources\ccbResources\ccbParticleSmoke.png">
      <Filter>resource\ccbResources</Filter>
    </None>
    <None Include="..\Resources\ccbResources\ccbParticleSnow.png">
      <Filter>resource\ccbResources</Filter>
    </None>
    <None Include="..\Resources\FriendListScene.ccbi">
      <Filter>resource\Scene</Filter>
    </None>
    <None Include="..\Resources\HeadScene.ccbi">
      <Filter>resource\Scene</Filter>
    </None>
    <None Include="..\Resources\LoginScene.ccbi">
      <Filter>resource\Scene</Filter>
    </None>
    <None Include="..\Resources\MainGameScene.ccbi">
      <Filter>resource\Scene</Filter>
    </None>
    <None Include="..\Resources\boxbg.png">
      <Filter>resource</Filter>
    </None>
    <None Include="..\Resources\TaskListScene.ccbi">
      <Filter>resource\Scene</Filter>
    </None>
    <None Include="..\Resources\MainSceneTemplate.ccbi">
      <Filter>resource\Scene</Filter>
    </None>
    <None Include="..\Resources\Image\main-hd.plist">
      <Filter>resource\Image</Filter>
    </None>
    <None Include="..\Resources\Image\main.png">
      <Filter>resource\Image</Filter>
    </None>
    <None Include="..\Resources\Image\main-hd.png">
      <Filter>resource\Image</Filter>
    </None>
    <None Include="..\Resources\Image\main.plist">
      <Filter>resource\Image</Filter>
    </None>
    <None Include="..\Resources\AddFriendScene.ccbi">
      <Filter>resource\Scene</Filter>
    </None>
    <None Include="..\Resources\Image\login.plist">
      <Filter>resource\Image</Filter>
    </None>
    <None Include="..\Resources\Image\login.png">
      <Filter>resource\Image</Filter>
    </None>
    <None Include="..\Resources\Image\login-hd.plist">
      <Filter>resource\Image</Filter>
    </None>
    <None Include="..\Resources\Image\login-hd.png">
      <Filter>resource\Image</Filter>
    </None>
  </ItemGroup>
  <ItemGroup>
    <ResourceCompile Include="iGame.rc">
      <Filter>resource</Filter>
    </ResourceCompile>
  </ItemGroup>
  <ItemGroup>
    <ClInclude Include="resource.h">
      <Filter>include</Filter>
    </ClInclude>
    <ClInclude Include="main.h">
      <Filter>include</Filter>
    </ClInclude>
    <ClInclude Include="..\Classes\AppDelegate.h">
      <Filter>include</Filter>
    </ClInclude>
    <ClInclude Include="..\Classes\HelloWorldScene.h">
      <Filter>include</Filter>
    </ClInclude>
    <ClInclude Include="..\Classes\XmlParser.h">
      <Filter>include</Filter>
    </ClInclude>
    <ClInclude Include="..\library\jsoncpp\src\lib_json\json_batchallocator.h">
      <Filter>source\jsoncpp</Filter>
    </ClInclude>
    <ClInclude Include="..\Classes\FriendListScene.h">
      <Filter>include</Filter>
    </ClInclude>
    <ClInclude Include="..\Classes\AboutScene.h">
      <Filter>include</Filter>
    </ClInclude>
    <ClInclude Include="..\Classes\AboutSceneLoader.h">
      <Filter>include</Filter>
    </ClInclude>
    <ClInclude Include="..\Classes\CCEditBoxLoader.h">
      <Filter>include</Filter>
    </ClInclude>
    <ClInclude Include="..\Classes\CCTableViewLoader.h">
      <Filter>include</Filter>
    </ClInclude>
    <ClInclude Include="..\Classes\FriendListSceneLoader.h">
      <Filter>include</Filter>
    </ClInclude>
    <ClInclude Include="..\Classes\LoginScene.h">
      <Filter>include</Filter>
    </ClInclude>
    <ClInclude Include="..\Classes\LoginSceneLoader.h">
      <Filter>include</Filter>
    </ClInclude>
    <ClInclude Include="..\Classes\MainGameScene.h">
      <Filter>include</Filter>
    </ClInclude>
    <ClInclude Include="..\Classes\MainGameSceneLoader.h">
      <Filter>include</Filter>
    </ClInclude>
    <ClInclude Include="..\Classes\AddFriendScene.h">
      <Filter>include</Filter>
    </ClInclude>
    <ClInclude Include="..\Classes\AddFriendSceneLoader.h">
      <Filter>include</Filter>
    </ClInclude>
    <ClInclude Include="..\Classes\CCMessageDialog.h">
      <Filter>include</Filter>
    </ClInclude>
    <ClInclude Include="..\Classes\common.h">
      <Filter>include</Filter>
    </ClInclude>
    <ClInclude Include="..\Classes\MainSceneTemplate.h">
      <Filter>include</Filter>
    </ClInclude>
    <ClInclude Include="..\Classes\MainSceneTemplateLoader.h">
      <Filter>include</Filter>
    </ClInclude>
    <ClInclude Include="..\Classes\TaskListScene.h">
      <Filter>include</Filter>
    </ClInclude>
    <ClInclude Include="..\Classes\TaskListSceneLoader.h">
      <Filter>include</Filter>
    </ClInclude>
    <ClInclude Include="..\Classes\CCControlSwitchLoader.h">
      <Filter>include</Filter>
    </ClInclude>
  </ItemGroup>
  <ItemGroup>
    <ClCompile Include="main.cpp">
      <Filter>source</Filter>
    </ClCompile>
    <ClCompile Include="..\Classes\AppDelegate.cpp">
      <Filter>source</Filter>
    </ClCompile>
    <ClCompile Include="..\Classes\HelloWorldScene.cpp">
      <Filter>source</Filter>
    </ClCompile>
    <ClCompile Include="..\Classes\XmlParser.cpp">
      <Filter>source</Filter>
    </ClCompile>
    <ClCompile Include="..\library\jsoncpp\src\lib_json\json_reader.cpp">
      <Filter>source\jsoncpp</Filter>
    </ClCompile>
    <ClCompile Include="..\library\jsoncpp\src\lib_json\json_value.cpp">
      <Filter>source\jsoncpp</Filter>
    </ClCompile>
    <ClCompile Include="..\library\jsoncpp\src\lib_json\json_writer.cpp">
      <Filter>source\jsoncpp</Filter>
    </ClCompile>
    <ClCompile Include="..\Classes\FriendListScene.cpp">
      <Filter>source</Filter>
    </ClCompile>
    <ClCompile Include="..\Classes\AboutScene.cpp">
      <Filter>source</Filter>
    </ClCompile>
    <ClCompile Include="..\Classes\LoginScene.cpp">
      <Filter>source</Filter>
    </ClCompile>
    <ClCompile Include="..\Classes\MainGameScene.cpp">
      <Filter>source</Filter>
    </ClCompile>
    <ClCompile Include="..\Classes\AddFriendScene.cpp">
      <Filter>source</Filter>
    </ClCompile>
    <ClCompile Include="..\Classes\CCMessageDialog.cpp">
      <Filter>source</Filter>
    </ClCompile>
    <ClCompile Include="..\Classes\MainSceneTemplate.cpp">
      <Filter>source</Filter>
    </ClCompile>
    <ClCompile Include="..\Classes\TaskListScene.cpp">
      <Filter>source</Filter>
    </ClCompile>
  </ItemGroup>
</Project>