<?xml version="1.0" encoding="utf-8"?>
<Project ToolsVersion="4.0" xmlns="http://schemas.microsoft.com/developer/msbuild/2003">
  <ItemGroup>
    <Filter Include="source">
      <UniqueIdentifier>{1eb2c72c-5e63-49ce-a7e6-342b13f00dea}</UniqueIdentifier>
      <Extensions>cpp;c;cxx;def;odl;idl;hpj;bat;asm</Extensions>
    </Filter>
    <Filter Include="include">
      <UniqueIdentifier>{560f3d36-b418-41d0-90ef-0ee94228f4dd}</UniqueIdentifier>
      <Extensions>h;hpp;hxx;hm;inl;inc</Extensions>
    </Filter>
    <Filter Include="resource">
      <UniqueIdentifier>{eca1d720-2178-4778-bd4d-a4e1b088e8ad}</UniqueIdentifier>
      <Extensions>rc;ico;cur;bmp;dlg;rc2;rct;bin;rgs;jpg;jpeg;jpe;png;manifest</Extensions>
    </Filter>
    <Filter Include="source\jsoncpp">
      <UniqueIdentifier>{1a1abf64-483b-4eb9-a401-efdfa8255be9}</UniqueIdentifier>
    </Filter>
    <Filter Include="resource\Scene">
      <UniqueIdentifier>{a3b38869-b3e0-437e-92e1-50137239d5e8}</UniqueIdentifier>
    </Filter>
    <Filter Include="resource\ccbResources">
      <UniqueIdentifier>{5b5810be-fba7-42da-89de-ee9786a5c9c9}</UniqueIdentifier>
    </Filter>
    <Filter Include="resource\Image">
      <UniqueIdentifier>{3edc8ee8-c0c6-41ee-97c7-2b3f8a312237}</UniqueIdentifier>
    </Filter>
    <Filter Include="resource\Image\resources-iphonehd">
      <UniqueIdentifier>{5cbc9e86-271c-40ec-90b0-f3a85978b8ec}</UniqueIdentifier>
    </Filter>
    <Filter Include="source\Jsonbox">
      <UniqueIdentifier>{259027f6-59ca-4d88-84f7-57e452d59829}</UniqueIdentifier>
    </Filter>
    <Filter Include="include\loader">
      <UniqueIdentifier>{9ea79ca1-292a-46a9-a272-000de5599492}</UniqueIdentifier>
    </Filter>
    <Filter Include="include\common">
      <UniqueIdentifier>{42dde2f2-bd15-4a20-92f7-35a79560e0ca}</UniqueIdentifier>
    </Filter>
  </ItemGroup>
  <ItemGroup>
    <None Include="res\iGame.ico">
      <Filter>resource</Filter>
    </None>
    <None Include="..\library\jsoncpp\src\lib_json\json_internalarray.inl">
      <Filter>source\jsoncpp</Filter>
    </None>
    <None Include="..\library\jsoncpp\src\lib_json\json_internalmap.inl">
      <Filter>source\jsoncpp</Filter>
    </None>
    <None Include="..\library\jsoncpp\src\lib_json\json_valueiterator.inl">
      <Filter>source\jsoncpp</Filter>
    </None>
    <None Include="..\library\jsoncpp\src\lib_json\sconscript">
      <Filter>source\jsoncpp</Filter>
    </None>
    <None Include="..\Resources\account.png">
      <Filter>resource</Filter>
    </None>
    <None Include="..\Resources\Default.png">
      <Filter>resource</Filter>
    </None>
    <None Include="..\Resources\Icon.png">
      <Filter>resource</Filter>
    </None>
    <None Include="..\Resources\Icon%402x.png">
      <Filter>resource</Filter>
    </None>
    <None Include="..\Resources\Icon-72.png">
      <Filter>resource</Filter>
    </None>
    <None Include="..\Resources\Icon-Small.png">
      <Filter>resource</Filter>
    </None>
    <None Include="..\Resources\Icon-Small%402x.png">
      <Filter>resource</Filter>
    </None>
    <None Include="..\Resources\Icon-Small-50.png">
      <Filter>resource</Filter>
    </None>
    <None Include="..\Resources\ccbResources\ccbDefaultImages.plist">
      <Filter>resource\ccbResources</Filter>
    </None>
    <None Include="..\Resources\ccbResources\ccbParticleStars.png">
      <Filter>resource\ccbResources</Filter>
    </None>
    <None Include="..\Resources\ccbResources\ccbDefaultImages.png">
      <Filter>resource\ccbResources</Filter>
    </None>
    <None Include="..\Resources\ccbResources\ccbParticleFire.png">
      <Filter>resource\ccbResources</Filter>
    </None>
    <None Include="..\Resources\ccbResources\ccbParticleSmoke.png">
      <Filter>resource\ccbResources</Filter>
    </None>
    <None Include="..\Resources\ccbResources\ccbParticleSnow.png">
      <Filter>resource\ccbResources</Filter>
    </None>
    <None Include="..\Resources\FriendListScene.ccbi">
      <Filter>resource\Scene</Filter>
    </None>
    <None Include="..\Resources\HeadScene.ccbi">
      <Filter>resource\Scene</Filter>
    </None>
    <None Include="..\Resources\LoginScene.ccbi">
      <Filter>resource\Scene</Filter>
    </None>
    <None Include="..\Resources\MainGameScene.ccbi">
      <Filter>resource\Scene</Filter>
    </None>
    <None Include="..\Resources\TaskListScene.ccbi">
      <Filter>resource\Scene</Filter>
    </None>
    <None Include="..\Resources\MainSceneTemplate.ccbi">
      <Filter>resource\Scene</Filter>
    </None>
    <None Include="..\Resources\AddFriendScene.ccbi">
      <Filter>resource\Scene</Filter>
    </None>
    <None Include="..\Resources\ThirdLoginScene.ccbi">
      <Filter>resource\Scene</Filter>
    </None>
    <None Include="..\Resources\transparent.png">
      <Filter>resource</Filter>
    </None>
    <None Include="..\Resources\Image\main.png">
      <Filter>resource\Image</Filter>
    </None>
    <None Include="..\Resources\Image\login.plist">
      <Filter>resource\Image</Filter>
    </None>
    <None Include="..\Resources\Image\login.png">
      <Filter>resource\Image</Filter>
    </None>
    <None Include="..\Resources\Image\main.plist">
      <Filter>resource\Image</Filter>
    </None>
    <None Include="..\Resources\Image\friends.plist">
      <Filter>resource\Image</Filter>
    </None>
    <None Include="..\Resources\Image\friends.png">
      <Filter>resource\Image</Filter>
    </None>
    <None Include="..\Resources\NewMailScene.ccbi">
      <Filter>resource\Scene</Filter>
    </None>
    <None Include="..\Resources\SysMailScene.ccbi">
      <Filter>resource\Scene</Filter>
    </None>
    <None Include="..\Resources\UserMailScene.ccbi">
      <Filter>resource\Scene</Filter>
    </None>
    <None Include="..\Resources\Image\Arial.fnt">
      <Filter>resource\Image</Filter>
    </None>
    <None Include="..\Resources\Image\Arial.png">
      <Filter>resource\Image</Filter>
    </None>
    <None Include="..\Resources\Image\resources-iphonehd\Arial.fnt">
      <Filter>resource\Image\resources-iphonehd</Filter>
    </None>
    <None Include="..\Resources\Image\resources-iphonehd\Arial.png">
      <Filter>resource\Image\resources-iphonehd</Filter>
    </None>
    <None Include="..\Resources\Image\resources-iphonehd\friends.plist">
      <Filter>resource\Image\resources-iphonehd</Filter>
    </None>
    <None Include="..\Resources\Image\resources-iphonehd\friends.png">
      <Filter>resource\Image\resources-iphonehd</Filter>
    </None>
    <None Include="..\Resources\Image\resources-iphonehd\login.plist">
      <Filter>resource\Image\resources-iphonehd</Filter>
    </None>
    <None Include="..\Resources\Image\resources-iphonehd\login.png">
      <Filter>resource\Image\resources-iphonehd</Filter>
    </None>
    <None Include="..\Resources\Image\resources-iphonehd\main.plist">
      <Filter>resource\Image\resources-iphonehd</Filter>
    </None>
    <None Include="..\Resources\Image\resources-iphonehd\main.png">
      <Filter>resource\Image\resources-iphonehd</Filter>
    </None>
    <None Include="..\Resources\tab_normal.png">
      <Filter>resource</Filter>
    </None>
    <None Include="..\Resources\tab_line.png">
      <Filter>resource</Filter>
    </None>
    <None Include="..\Resources\tab_kuan.9.png">
      <Filter>resource</Filter>
    </None>
    <None Include="..\Resources\tab_active.png">
      <Filter>resource</Filter>
    </None>
  </ItemGroup>
  <ItemGroup>
    <ResourceCompile Include="iGame.rc">
      <Filter>resource</Filter>
    </ResourceCompile>
  </ItemGroup>
  <ItemGroup>
    <ClInclude Include="resource.h">
      <Filter>include</Filter>
    </ClInclude>
    <ClInclude Include="main.h">
      <Filter>include</Filter>
    </ClInclude>
    <ClInclude Include="..\Classes\AppDelegate.h">
      <Filter>include</Filter>
    </ClInclude>
    <ClInclude Include="..\Classes\XmlParser.h">
      <Filter>include</Filter>
    </ClInclude>
    <ClInclude Include="..\library\jsoncpp\src\lib_json\json_batchallocator.h">
      <Filter>source\jsoncpp</Filter>
    </ClInclude>
    <ClInclude Include="..\Classes\FriendListScene.h">
      <Filter>include</Filter>
    </ClInclude>
    <ClInclude Include="..\Classes\AboutScene.h">
      <Filter>include</Filter>
    </ClInclude>
    <ClInclude Include="..\Classes\LoginScene.h">
      <Filter>include</Filter>
    </ClInclude>
    <ClInclude Include="..\Classes\MainGameScene.h">
      <Filter>include</Filter>
    </ClInclude>
    <ClInclude Include="..\Classes\AddFriendScene.h">
      <Filter>include</Filter>
    </ClInclude>
    <ClInclude Include="..\Classes\CCMessageDialog.h">
      <Filter>include</Filter>
    </ClInclude>
    <ClInclude Include="..\Classes\MainSceneTemplate.h">
      <Filter>include</Filter>
    </ClInclude>
    <ClInclude Include="..\Classes\TaskListScene.h">
      <Filter>include</Filter>
    </ClInclude>
    <ClInclude Include="..\Classes\ThirdLoginScene.h">
      <Filter>include</Filter>
    </ClInclude>
    <ClInclude Include="..\Classes\MainLayerBase.h">
      <Filter>include</Filter>
    </ClInclude>
    <ClInclude Include="..\Classes\LoadingScene.h">
      <Filter>include</Filter>
    </ClInclude>
    <ClInclude Include="..\Classes\NewMailScene.h">
      <Filter>include</Filter>
    </ClInclude>
    <ClInclude Include="..\Classes\CCTabView.h">
      <Filter>include</Filter>
    </ClInclude>
    <ClInclude Include="..\Classes\MailMainScene.h">
      <Filter>include</Filter>
    </ClInclude>
    <ClInclude Include="..\Classes\MailListScene.h">
      <Filter>include</Filter>
    </ClInclude>
    <ClInclude Include="..\Classes\AboutSceneLoader.h">
      <Filter>include\loader</Filter>
    </ClInclude>
    <ClInclude Include="..\Classes\AddFriendSceneLoader.h">
      <Filter>include\loader</Filter>
    </ClInclude>
    <ClInclude Include="..\Classes\CCControlSwitchLoader.h">
      <Filter>include\loader</Filter>
    </ClInclude>
    <ClInclude Include="..\Classes\CCTableViewLoader.h">
      <Filter>include\loader</Filter>
    </ClInclude>
    <ClInclude Include="..\Classes\FriendListSceneLoader.h">
      <Filter>include\loader</Filter>
    </ClInclude>
    <ClInclude Include="..\Classes\LoginSceneLoader.h">
      <Filter>include\loader</Filter>
    </ClInclude>
    <ClInclude Include="..\Classes\MailListSceneLoader.h">
      <Filter>include\loader</Filter>
    </ClInclude>
    <ClInclude Include="..\Classes\MailMainSceneLoader.h">
      <Filter>include\loader</Filter>
    </ClInclude>
    <ClInclude Include="..\Classes\MainGameSceneLoader.h">
      <Filter>include\loader</Filter>
    </ClInclude>
    <ClInclude Include="..\Classes\MainSceneTemplateLoader.h">
      <Filter>include\loader</Filter>
    </ClInclude>
    <ClInclude Include="..\Classes\NewMailSceneLoader.h">
      <Filter>include\loader</Filter>
    </ClInclude>
    <ClInclude Include="..\Classes\TaskListSceneLoader.h">
      <Filter>include\loader</Filter>
    </ClInclude>
    <ClInclude Include="..\Classes\ThirdLoginSceneLoader.h">
      <Filter>include\loader</Filter>
    </ClInclude>
    <ClInclude Include="..\Classes\CCEditBoxLoader.h">
      <Filter>include\loader</Filter>
    </ClInclude>
    <ClInclude Include="..\Classes\common.h">
      <Filter>include\common</Filter>
    </ClInclude>
    <ClInclude Include="..\Classes\StringExt.h">
      <Filter>include\common</Filter>
    </ClInclude>
    <ClInclude Include="..\Classes\CharacterScene.h">
      <Filter>include</Filter>
    </ClInclude>
    <ClInclude Include="..\Classes\CharacterSceneLoader.h">
      <Filter>include</Filter>
    </ClInclude>
    <ClInclude Include="..\Classes\ServerListScene.h">
      <Filter>include</Filter>
    </ClInclude>
    <ClInclude Include="..\Classes\ServerListSceneLoader.h">
      <Filter>include</Filter>
    </ClInclude>
  </ItemGroup>
  <ItemGroup>
    <ClCompile Include="main.cpp">
      <Filter>source</Filter>
    </ClCompile>
    <ClCompile Include="..\Classes\AppDelegate.cpp">
      <Filter>source</Filter>
    </ClCompile>
    <ClCompile Include="..\Classes\XmlParser.cpp">
      <Filter>source</Filter>
    </ClCompile>
    <ClCompile Include="..\library\jsoncpp\src\lib_json\json_reader.cpp">
      <Filter>source\jsoncpp</Filter>
    </ClCompile>
    <ClCompile Include="..\library\jsoncpp\src\lib_json\json_value.cpp">
      <Filter>source\jsoncpp</Filter>
    </ClCompile>
    <ClCompile Include="..\library\jsoncpp\src\lib_json\json_writer.cpp">
      <Filter>source\jsoncpp</Filter>
    </ClCompile>
    <ClCompile Include="..\Classes\FriendListScene.cpp">
      <Filter>source</Filter>
    </ClCompile>
    <ClCompile Include="..\Classes\AboutScene.cpp">
      <Filter>source</Filter>
    </ClCompile>
    <ClCompile Include="..\Classes\LoginScene.cpp">
      <Filter>source</Filter>
    </ClCompile>
    <ClCompile Include="..\Classes\MainGameScene.cpp">
      <Filter>source</Filter>
    </ClCompile>
    <ClCompile Include="..\Classes\AddFriendScene.cpp">
      <Filter>source</Filter>
    </ClCompile>
    <ClCompile Include="..\Classes\CCMessageDialog.cpp">
      <Filter>source</Filter>
    </ClCompile>
    <ClCompile Include="..\Classes\MainSceneTemplate.cpp">
      <Filter>source</Filter>
    </ClCompile>
    <ClCompile Include="..\Classes\TaskListScene.cpp">
      <Filter>source</Filter>
    </ClCompile>
    <ClCompile Include="..\Classes\ThirdLoginScene.cpp">
      <Filter>source</Filter>
    </ClCompile>
    <ClCompile Include="..\Classes\MainLayerBase.cpp">
      <Filter>source</Filter>
    </ClCompile>
    <ClCompile Include="..\Classes\LoadingScene.cpp">
      <Filter>source</Filter>
    </ClCompile>
    <ClCompile Include="..\Classes\NewMailScene.cpp">
      <Filter>source</Filter>
    </ClCompile>
    <ClCompile Include="..\library\JsonBox\src\Array.cpp">
      <Filter>source\Jsonbox</Filter>
    </ClCompile>
    <ClCompile Include="..\library\JsonBox\src\Convert.cpp">
      <Filter>source\Jsonbox</Filter>
    </ClCompile>
    <ClCompile Include="..\library\JsonBox\src\Escaper.cpp">
      <Filter>source\Jsonbox</Filter>
    </ClCompile>
    <ClCompile Include="..\library\JsonBox\src\Indenter.cpp">
      <Filter>source\Jsonbox</Filter>
    </ClCompile>
    <ClCompile Include="..\library\JsonBox\src\Object.cpp">
      <Filter>source\Jsonbox</Filter>
    </ClCompile>
    <ClCompile Include="..\library\JsonBox\src\SolidusEscaper.cpp">
      <Filter>source\Jsonbox</Filter>
    </ClCompile>
    <ClCompile Include="..\library\JsonBox\src\Value.cpp">
      <Filter>source\Jsonbox</Filter>
    </ClCompile>
    <ClCompile Include="..\library\JsonBox\src\IndentCanceller.cpp">
      <Filter>source\Jsonbox</Filter>
    </ClCompile>
    <ClCompile Include="..\library\jsonconverter\CCJSONConverter.cpp">
      <Filter>source</Filter>
    </ClCompile>
    <ClCompile Include="..\library\jsonconverter\cJSON.c">
      <Filter>source</Filter>
    </ClCompile>
    <ClCompile Include="..\Classes\CCTabView.cpp">
      <Filter>source</Filter>
    </ClCompile>
    <ClCompile Include="..\Classes\MailMainScene.cpp">
      <Filter>source</Filter>
    </ClCompile>
    <ClCompile Include="..\Classes\MailListScene.cpp">
      <Filter>source</Filter>
    </ClCompile>
    <ClCompile Include="..\Classes\CharacterScene.cpp">
      <Filter>source</Filter>
    </ClCompile>
    <ClCompile Include="..\Classes\ServerListScene.cpp">
      <Filter>source</Filter>
    </ClCompile>
  </ItemGroup>
</Project>